{
  "nodes": {
    "arksys-master": {
      "inputs": {
        "flakeNimbleLib": [
          "flakeNimbleLib"
        ],
        "nixpkgs": [
          "nixpkgs"
        ],
        "src-arksys-master": "src-arksys-master"
      },
      "locked": {
        "dir": "master",
        "lastModified": 1662254342,
        "narHash": "sha256-bS2Gxcw8wiQIjJ3DeImFF+UBnUCbZ+xltRn1vdz2/C8=",
        "owner": "nim-nix-pkgs",
        "repo": "arksys",
        "rev": "28a6c6de000790a58e0f294b1f115a16c276eb89",
        "type": "github"
      },
      "original": {
        "dir": "master",
        "owner": "nim-nix-pkgs",
        "ref": "master",
        "repo": "arksys",
        "type": "github"
      }
    },
    "flakeNimbleLib": {
      "inputs": {
        "nixpkgs": [
          "nixpkgs"
        ]
      },
      "locked": {
        "lastModified": 1662018438,
        "narHash": "sha256-QtNtU6+LX3Wokxf0zlFwKTFOcn6TeDjKQZ+DA9OYtvM=",
        "owner": "riinr",
        "repo": "nim-flakes-lib",
        "rev": "b1fe8340736e3a85d25c709ac3dfd82a55c03cbf",
        "type": "github"
      },
      "original": {
        "owner": "riinr",
        "ref": "master",
        "repo": "nim-flakes-lib",
        "type": "github"
      }
    },
    "nixpkgs": {
      "locked": {
        "lastModified": 1667110639,
        "narHash": "sha256-4FbPESZ5LbqQxkJJJBAfk/zKgF9h/4kyUwjjpJwYlbc=",
        "owner": "NixOS",
        "repo": "nixpkgs",
        "rev": "f38a1f04d1bec1feb61fd101a0539ae2002a7087",
        "type": "github"
      },
      "original": {
        "id": "nixpkgs",
        "type": "indirect"
      }
    },
    "root": {
      "inputs": {
        "arksys-master": "arksys-master",
        "flakeNimbleLib": "flakeNimbleLib",
        "nixpkgs": "nixpkgs"
      }
    },
    "src-arksys-master": {
      "flake": false,
      "locked": {
        "lastModified": 1540930031,
        "narHash": "sha256-6cfNTDHWiEyThgyqYJuQLLy/Sw9b+RBk2lqeWY/n3g4=",
        "owner": "wolfadex",
        "repo": "arksys",
        "rev": "e0b9f6de3a09cf73af8cb20af8d005763d729a61",
        "type": "github"
      },
      "original": {
        "owner": "wolfadex",
        "ref": "refs/heads/master",
        "repo": "arksys",
        "type": "github"
      }
    }
  },
  "root": "root",
  "version": 7
}
